
Microsoft Visual Studio Solution File, Format Version 12.00
# Visual Studio 15
VisualStudioVersion = 15.0.28307.168
MinimumVisualStudioVersion = 10.0.40219.1
Project("{9A19103F-16F7-4668-BE54-9A1E7A4F7556}") = "Collections", "Collections\Collections.csproj", "{B8EA80CF-F67E-4769-9A5E-1BF57E1E15DD}"
EndProject
Project("{FAE04EC0-301F-11D3-BF4B-00C04F79EFBC}") = "CollectionsTests", "CollectionsTests\CollectionsTests.csproj", "{39058FDA-A71E-4CE7-963E-75E690C2D872}"
EndProject
Global
	GlobalSection(SolutionConfigurationPlatforms) = preSolution
		Debug|Any CPU = Debug|Any CPU
		Release|Any CPU = Release|Any CPU
	EndGlobalSection
	GlobalSection(ProjectConfigurationPlatforms) = postSolution
		{B8EA80CF-F67E-4769-9A5E-1BF57E1E15DD}.Debug|Any CPU.ActiveCfg = Debug|Any CPU
		{B8EA80CF-F67E-4769-9A5E-1BF57E1E15DD}.Debug|Any CPU.Build.0 = Debug|Any CPU
		{B8EA80CF-F67E-4769-9A5E-1BF57E1E15DD}.Release|Any CPU.ActiveCfg = Release|Any CPU
		{B8EA80CF-F67E-4769-9A5E-1BF57E1E15DD}.Release|Any CPU.Build.0 = Release|Any CPU
		{39058FDA-A71E-4CE7-963E-75E690C2D872}.Debug|Any CPU.ActiveCfg = Debug|Any CPU
		{39058FDA-A71E-4CE7-963E-75E690C2D872}.Debug|Any CPU.Build.0 = Debug|Any CPU
		{39058FDA-A71E-4CE7-963E-75E690C2D872}.Release|Any CPU.ActiveCfg = Release|Any CPU
		{39058FDA-A71E-4CE7-963E-75E690C2D872}.Release|Any CPU.Build.0 = Release|Any CPU
	EndGlobalSection
	GlobalSection(SolutionProperties) = preSolution
		HideSolutionNode = FALSE
	EndGlobalSection
	GlobalSection(ExtensibilityGlobals) = postSolution
		SolutionGuid = {ED52AA93-7E48-4B1A-A14E-A26D61863D12}
	EndGlobalSection
EndGlobal
